// !$*UTF8*$!
{
	archiveVersion = 1;
	classes = {
	};
	objectVersion = 56;
	objects = {

/* Begin PBXBuildFile section */
		86174A6528F35C3900D74F95 /* FirebaseAnalytics in Frameworks */ = {isa = PBXBuildFile; productRef = 86174A6428F35C3900D74F95 /* FirebaseAnalytics */; };
		86174A6728F35C3900D74F95 /* FirebaseAuth in Frameworks */ = {isa = PBXBuildFile; productRef = 86174A6628F35C3900D74F95 /* FirebaseAuth */; };
		86174A6928F35C3900D74F95 /* FirebaseCrashlytics in Frameworks */ = {isa = PBXBuildFile; productRef = 86174A6828F35C3900D74F95 /* FirebaseCrashlytics */; };
		86174A6B28F35C3900D74F95 /* FirebaseDatabase in Frameworks */ = {isa = PBXBuildFile; productRef = 86174A6A28F35C3900D74F95 /* FirebaseDatabase */; };
		868CB277290C405600981AB5 /* MenuCVC.swift in Sources */ = {isa = PBXBuildFile; fileRef = 868CB276290C405600981AB5 /* MenuCVC.swift */; };
		868CB279290C40BE00981AB5 /* PreorderVC.swift in Sources */ = {isa = PBXBuildFile; fileRef = 868CB278290C40BE00981AB5 /* PreorderVC.swift */; };
		868CB27B290C40C900981AB5 /* ContactsVC.swift in Sources */ = {isa = PBXBuildFile; fileRef = 868CB27A290C40C900981AB5 /* ContactsVC.swift */; };
		868CB27E290DD17900981AB5 /* User.swift in Sources */ = {isa = PBXBuildFile; fileRef = 868CB27D290DD17900981AB5 /* User.swift */; };
		868CB286290DF16D00981AB5 /* SideMenuVC.swift in Sources */ = {isa = PBXBuildFile; fileRef = 868CB285290DF16D00981AB5 /* SideMenuVC.swift */; };
		868CB288290FB29100981AB5 /* TabBarTBC.swift in Sources */ = {isa = PBXBuildFile; fileRef = 868CB287290FB29100981AB5 /* TabBarTBC.swift */; };
		868CB28A290FB7AC00981AB5 /* SideMenu.swift in Sources */ = {isa = PBXBuildFile; fileRef = 868CB289290FB7AC00981AB5 /* SideMenu.swift */; };
		86930C1A28F342B8003816C1 /* AppDelegate.swift in Sources */ = {isa = PBXBuildFile; fileRef = 86930C1928F342B8003816C1 /* AppDelegate.swift */; };
		86930C1C28F342B8003816C1 /* SceneDelegate.swift in Sources */ = {isa = PBXBuildFile; fileRef = 86930C1B28F342B8003816C1 /* SceneDelegate.swift */; };
		86930C2128F342B8003816C1 /* Main.storyboard in Resources */ = {isa = PBXBuildFile; fileRef = 86930C1F28F342B8003816C1 /* Main.storyboard */; };
		86930C2328F342B8003816C1 /* Assets.xcassets in Resources */ = {isa = PBXBuildFile; fileRef = 86930C2228F342B8003816C1 /* Assets.xcassets */; };
		86930C2628F342B8003816C1 /* LaunchScreen.storyboard in Resources */ = {isa = PBXBuildFile; fileRef = 86930C2428F342B8003816C1 /* LaunchScreen.storyboard */; };
		86AEDF3B28F3440400B72180 /* PhoneNumberVC.swift in Sources */ = {isa = PBXBuildFile; fileRef = 86AEDF3A28F3440400B72180 /* PhoneNumberVC.swift */; };
		86AEDF3D28F3441500B72180 /* SmsCodeVC.swift in Sources */ = {isa = PBXBuildFile; fileRef = 86AEDF3C28F3441500B72180 /* SmsCodeVC.swift */; };
		86B3206B28F370CA004391FB /* GoogleService-Info.plist in Resources */ = {isa = PBXBuildFile; fileRef = 86B3206A28F370CA004391FB /* GoogleService-Info.plist */; };
		86B3207128F373D2004391FB /* PersonnelInfo.swift in Sources */ = {isa = PBXBuildFile; fileRef = 86B3207028F373D2004391FB /* PersonnelInfo.swift */; };
		86B3207328F3EC20004391FB /* Verification Manager.swift in Sources */ = {isa = PBXBuildFile; fileRef = 86B3207228F3EC20004391FB /* Verification Manager.swift */; };
		86B3207528F3EF7C004391FB /* BasicVC.swift in Sources */ = {isa = PBXBuildFile; fileRef = 86B3207428F3EF7B004391FB /* BasicVC.swift */; };
		86B87D6D29242244006E2333 /* MenuCell.swift in Sources */ = {isa = PBXBuildFile; fileRef = 86B87D6C29242244006E2333 /* MenuCell.swift */; };
		86B87D6F2925726D006E2333 /* Coffee.swift in Sources */ = {isa = PBXBuildFile; fileRef = 86B87D6E2925726D006E2333 /* Coffee.swift */; };
/* End PBXBuildFile section */

/* Begin PBXFileReference section */
		868CB276290C405600981AB5 /* MenuCVC.swift */ = {isa = PBXFileReference; lastKnownFileType = sourcecode.swift; path = MenuCVC.swift; sourceTree = "<group>"; };
		868CB278290C40BE00981AB5 /* PreorderVC.swift */ = {isa = PBXFileReference; lastKnownFileType = sourcecode.swift; path = PreorderVC.swift; sourceTree = "<group>"; };
		868CB27A290C40C900981AB5 /* ContactsVC.swift */ = {isa = PBXFileReference; lastKnownFileType = sourcecode.swift; path = ContactsVC.swift; sourceTree = "<group>"; };
		868CB27D290DD17900981AB5 /* User.swift */ = {isa = PBXFileReference; lastKnownFileType = sourcecode.swift; path = User.swift; sourceTree = "<group>"; };
		868CB285290DF16D00981AB5 /* SideMenuVC.swift */ = {isa = PBXFileReference; lastKnownFileType = sourcecode.swift; path = SideMenuVC.swift; sourceTree = "<group>"; };
		868CB287290FB29100981AB5 /* TabBarTBC.swift */ = {isa = PBXFileReference; lastKnownFileType = sourcecode.swift; path = TabBarTBC.swift; sourceTree = "<group>"; };
		868CB289290FB7AC00981AB5 /* SideMenu.swift */ = {isa = PBXFileReference; lastKnownFileType = sourcecode.swift; path = SideMenu.swift; sourceTree = "<group>"; };
		86930C1628F342B8003816C1 /* Hotfix.app */ = {isa = PBXFileReference; explicitFileType = wrapper.application; includeInIndex = 0; path = Hotfix.app; sourceTree = BUILT_PRODUCTS_DIR; };
		86930C1928F342B8003816C1 /* AppDelegate.swift */ = {isa = PBXFileReference; lastKnownFileType = sourcecode.swift; path = AppDelegate.swift; sourceTree = "<group>"; };
		86930C1B28F342B8003816C1 /* SceneDelegate.swift */ = {isa = PBXFileReference; lastKnownFileType = sourcecode.swift; path = SceneDelegate.swift; sourceTree = "<group>"; };
		86930C2028F342B8003816C1 /* Base */ = {isa = PBXFileReference; lastKnownFileType = file.storyboard; name = Base; path = Base.lproj/Main.storyboard; sourceTree = "<group>"; };
		86930C2228F342B8003816C1 /* Assets.xcassets */ = {isa = PBXFileReference; lastKnownFileType = folder.assetcatalog; path = Assets.xcassets; sourceTree = "<group>"; };
		86930C2528F342B8003816C1 /* Base */ = {isa = PBXFileReference; lastKnownFileType = file.storyboard; name = Base; path = Base.lproj/LaunchScreen.storyboard; sourceTree = "<group>"; };
		86930C2728F342B8003816C1 /* Info.plist */ = {isa = PBXFileReference; lastKnownFileType = text.plist.xml; path = Info.plist; sourceTree = "<group>"; };
		86AEDF3A28F3440400B72180 /* PhoneNumberVC.swift */ = {isa = PBXFileReference; lastKnownFileType = sourcecode.swift; path = PhoneNumberVC.swift; sourceTree = "<group>"; };
		86AEDF3C28F3441500B72180 /* SmsCodeVC.swift */ = {isa = PBXFileReference; lastKnownFileType = sourcecode.swift; path = SmsCodeVC.swift; sourceTree = "<group>"; };
		86B3206A28F370CA004391FB /* GoogleService-Info.plist */ = {isa = PBXFileReference; fileEncoding = 4; lastKnownFileType = text.plist.xml; path = "GoogleService-Info.plist"; sourceTree = "<group>"; };
		86B3207028F373D2004391FB /* PersonnelInfo.swift */ = {isa = PBXFileReference; lastKnownFileType = sourcecode.swift; path = PersonnelInfo.swift; sourceTree = "<group>"; };
		86B3207228F3EC20004391FB /* Verification Manager.swift */ = {isa = PBXFileReference; lastKnownFileType = sourcecode.swift; path = "Verification Manager.swift"; sourceTree = "<group>"; };
		86B3207428F3EF7B004391FB /* BasicVC.swift */ = {isa = PBXFileReference; lastKnownFileType = sourcecode.swift; path = BasicVC.swift; sourceTree = "<group>"; };
		86B87D6C29242244006E2333 /* MenuCell.swift */ = {isa = PBXFileReference; lastKnownFileType = sourcecode.swift; path = MenuCell.swift; sourceTree = "<group>"; };
		86B87D6E2925726D006E2333 /* Coffee.swift */ = {isa = PBXFileReference; lastKnownFileType = sourcecode.swift; path = Coffee.swift; sourceTree = "<group>"; };
/* End PBXFileReference section */

/* Begin PBXFrameworksBuildPhase section */
		86930C1328F342B8003816C1 /* Frameworks */ = {
			isa = PBXFrameworksBuildPhase;
			buildActionMask = 2147483647;
			files = (
				86174A6928F35C3900D74F95 /* FirebaseCrashlytics in Frameworks */,
				86174A6528F35C3900D74F95 /* FirebaseAnalytics in Frameworks */,
				86174A6B28F35C3900D74F95 /* FirebaseDatabase in Frameworks */,
				86174A6728F35C3900D74F95 /* FirebaseAuth in Frameworks */,
			);
			runOnlyForDeploymentPostprocessing = 0;
		};
/* End PBXFrameworksBuildPhase section */

/* Begin PBXGroup section */
		868CB275290C402C00981AB5 /* Main */ = {
			isa = PBXGroup;
			children = (
				868CB276290C405600981AB5 /* MenuCVC.swift */,
				86B87D6B29242226006E2333 /* Cell */,
				868CB278290C40BE00981AB5 /* PreorderVC.swift */,
				868CB27A290C40C900981AB5 /* ContactsVC.swift */,
			);
			path = Main;
			sourceTree = "<group>";
		};
		868CB27C290DD17000981AB5 /* Models */ = {
			isa = PBXGroup;
			children = (
				868CB27D290DD17900981AB5 /* User.swift */,
				868CB289290FB7AC00981AB5 /* SideMenu.swift */,
				86B87D6E2925726D006E2333 /* Coffee.swift */,
			);
			path = Models;
			sourceTree = "<group>";
		};
		868CB284290DF0CA00981AB5 /* SideMenu */ = {
			isa = PBXGroup;
			children = (
				868CB285290DF16D00981AB5 /* SideMenuVC.swift */,
			);
			path = SideMenu;
			sourceTree = "<group>";
		};
		86930C0D28F342B8003816C1 = {
			isa = PBXGroup;
			children = (
				86930C1828F342B8003816C1 /* Hotfix */,
				86930C1728F342B8003816C1 /* Products */,
			);
			sourceTree = "<group>";
		};
		86930C1728F342B8003816C1 /* Products */ = {
			isa = PBXGroup;
			children = (
				86930C1628F342B8003816C1 /* Hotfix.app */,
			);
			name = Products;
			sourceTree = "<group>";
		};
		86930C1828F342B8003816C1 /* Hotfix */ = {
			isa = PBXGroup;
			children = (
				868CB27C290DD17000981AB5 /* Models */,
				86930C3028F3433E003816C1 /* Managers */,
				86930C2F28F34332003816C1 /* Flow */,
				86930C2E28F3431D003816C1 /* View */,
				86930C2D28F3430D003816C1 /* App */,
				86930C2228F342B8003816C1 /* Assets.xcassets */,
				86930C2428F342B8003816C1 /* LaunchScreen.storyboard */,
				86930C2728F342B8003816C1 /* Info.plist */,
				86B3206A28F370CA004391FB /* GoogleService-Info.plist */,
			);
			path = Hotfix;
			sourceTree = "<group>";
		};
		86930C2D28F3430D003816C1 /* App */ = {
			isa = PBXGroup;
			children = (
				86930C1928F342B8003816C1 /* AppDelegate.swift */,
				86930C1B28F342B8003816C1 /* SceneDelegate.swift */,
			);
			path = App;
			sourceTree = "<group>";
		};
		86930C2E28F3431D003816C1 /* View */ = {
			isa = PBXGroup;
			children = (
				86930C1F28F342B8003816C1 /* Main.storyboard */,
			);
			path = View;
			sourceTree = "<group>";
		};
		86930C2F28F34332003816C1 /* Flow */ = {
			isa = PBXGroup;
			children = (
				868CB284290DF0CA00981AB5 /* SideMenu */,
				86B3207428F3EF7B004391FB /* BasicVC.swift */,
				86AEDF3928F343D500B72180 /* PhoneAuth */,
				86B3206928F36C82004391FB /* Onboarding */,
				868CB275290C402C00981AB5 /* Main */,
			);
			path = Flow;
			sourceTree = "<group>";
		};
		86930C3028F3433E003816C1 /* Managers */ = {
			isa = PBXGroup;
			children = (
				86B3207228F3EC20004391FB /* Verification Manager.swift */,
			);
			path = Managers;
			sourceTree = "<group>";
		};
		86AEDF3928F343D500B72180 /* PhoneAuth */ = {
			isa = PBXGroup;
			children = (
				86AEDF3A28F3440400B72180 /* PhoneNumberVC.swift */,
				86AEDF3C28F3441500B72180 /* SmsCodeVC.swift */,
				86B3207028F373D2004391FB /* PersonnelInfo.swift */,
				868CB287290FB29100981AB5 /* TabBarTBC.swift */,
			);
			path = PhoneAuth;
			sourceTree = "<group>";
		};
		86B3206928F36C82004391FB /* Onboarding */ = {
			isa = PBXGroup;
			children = (
			);
			path = Onboarding;
			sourceTree = "<group>";
		};
		86B87D6B29242226006E2333 /* Cell */ = {
			isa = PBXGroup;
			children = (
				86B87D6C29242244006E2333 /* MenuCell.swift */,
			);
			path = Cell;
			sourceTree = "<group>";
		};
/* End PBXGroup section */

/* Begin PBXNativeTarget section */
		86930C1528F342B8003816C1 /* Hotfix */ = {
			isa = PBXNativeTarget;
			buildConfigurationList = 86930C2A28F342B8003816C1 /* Build configuration list for PBXNativeTarget "Hotfix" */;
			buildPhases = (
				86930C1228F342B8003816C1 /* Sources */,
				86930C1328F342B8003816C1 /* Frameworks */,
				86930C1428F342B8003816C1 /* Resources */,
			);
			buildRules = (
			);
			dependencies = (
			);
			name = Hotfix;
			packageProductDependencies = (
				86174A6428F35C3900D74F95 /* FirebaseAnalytics */,
				86174A6628F35C3900D74F95 /* FirebaseAuth */,
				86174A6828F35C3900D74F95 /* FirebaseCrashlytics */,
				86174A6A28F35C3900D74F95 /* FirebaseDatabase */,
			);
			productName = Hotfix;
			productReference = 86930C1628F342B8003816C1 /* Hotfix.app */;
			productType = "com.apple.product-type.application";
		};
/* End PBXNativeTarget section */

/* Begin PBXProject section */
		86930C0E28F342B8003816C1 /* Project object */ = {
			isa = PBXProject;
			attributes = {
				BuildIndependentTargetsInParallel = 1;
				LastSwiftUpdateCheck = 1400;
				LastUpgradeCheck = 1400;
				TargetAttributes = {
					86930C1528F342B8003816C1 = {
						CreatedOnToolsVersion = 14.0.1;
					};
				};
			};
			buildConfigurationList = 86930C1128F342B8003816C1 /* Build configuration list for PBXProject "Hotfix" */;
			compatibilityVersion = "Xcode 14.0";
			developmentRegion = en;
			hasScannedForEncodings = 0;
			knownRegions = (
				en,
				Base,
			);
			mainGroup = 86930C0D28F342B8003816C1;
			packageReferences = (
				86174A6328F35C3900D74F95 /* XCRemoteSwiftPackageReference "firebase-ios-sdk" */,
			);
			productRefGroup = 86930C1728F342B8003816C1 /* Products */;
			projectDirPath = "";
			projectRoot = "";
			targets = (
				86930C1528F342B8003816C1 /* Hotfix */,
			);
		};
/* End PBXProject section */

/* Begin PBXResourcesBuildPhase section */
		86930C1428F342B8003816C1 /* Resources */ = {
			isa = PBXResourcesBuildPhase;
			buildActionMask = 2147483647;
			files = (
				86930C2628F342B8003816C1 /* LaunchScreen.storyboard in Resources */,
				86B3206B28F370CA004391FB /* GoogleService-Info.plist in Resources */,
				86930C2328F342B8003816C1 /* Assets.xcassets in Resources */,
				86930C2128F342B8003816C1 /* Main.storyboard in Resources */,
			);
			runOnlyForDeploymentPostprocessing = 0;
		};
/* End PBXResourcesBuildPhase section */

/* Begin PBXSourcesBuildPhase section */
		86930C1228F342B8003816C1 /* Sources */ = {
			isa = PBXSourcesBuildPhase;
			buildActionMask = 2147483647;
			files = (
				86930C1A28F342B8003816C1 /* AppDelegate.swift in Sources */,
				86B3207328F3EC20004391FB /* Verification Manager.swift in Sources */,
				868CB277290C405600981AB5 /* MenuCVC.swift in Sources */,
				86AEDF3D28F3441500B72180 /* SmsCodeVC.swift in Sources */,
				868CB279290C40BE00981AB5 /* PreorderVC.swift in Sources */,
				86AEDF3B28F3440400B72180 /* PhoneNumberVC.swift in Sources */,
				868CB288290FB29100981AB5 /* TabBarTBC.swift in Sources */,
				868CB286290DF16D00981AB5 /* SideMenuVC.swift in Sources */,
				86B3207528F3EF7C004391FB /* BasicVC.swift in Sources */,
				868CB27E290DD17900981AB5 /* User.swift in Sources */,
				86B3207128F373D2004391FB /* PersonnelInfo.swift in Sources */,
				86B87D6F2925726D006E2333 /* Coffee.swift in Sources */,
				868CB28A290FB7AC00981AB5 /* SideMenu.swift in Sources */,
				86930C1C28F342B8003816C1 /* SceneDelegate.swift in Sources */,
				86B87D6D29242244006E2333 /* MenuCell.swift in Sources */,
				868CB27B290C40C900981AB5 /* ContactsVC.swift in Sources */,
			);
			runOnlyForDeploymentPostprocessing = 0;
		};
/* End PBXSourcesBuildPhase section */

/* Begin PBXVariantGroup section */
		86930C1F28F342B8003816C1 /* Main.storyboard */ = {
			isa = PBXVariantGroup;
			children = (
				86930C2028F342B8003816C1 /* Base */,
			);
			name = Main.storyboard;
			sourceTree = "<group>";
		};
		86930C2428F342B8003816C1 /* LaunchScreen.storyboard */ = {
			isa = PBXVariantGroup;
			children = (
				86930C2528F342B8003816C1 /* Base */,
			);
			name = LaunchScreen.storyboard;
			sourceTree = "<group>";
		};
/* End PBXVariantGroup section */

/* Begin XCBuildConfiguration section */
		86930C2828F342B8003816C1 /* Debug */ = {
			isa = XCBuildConfiguration;
			buildSettings = {
				ALWAYS_SEARCH_USER_PATHS = NO;
				CLANG_ANALYZER_NONNULL = YES;
				CLANG_ANALYZER_NUMBER_OBJECT_CONVERSION = YES_AGGRESSIVE;
				CLANG_CXX_LANGUAGE_STANDARD = "gnu++20";
				CLANG_ENABLE_MODULES = YES;
				CLANG_ENABLE_OBJC_ARC = YES;
				CLANG_ENABLE_OBJC_WEAK = YES;
				CLANG_WARN_BLOCK_CAPTURE_AUTORELEASING = YES;
				CLANG_WARN_BOOL_CONVERSION = YES;
				CLANG_WARN_COMMA = YES;
				CLANG_WARN_CONSTANT_CONVERSION = YES;
				CLANG_WARN_DEPRECATED_OBJC_IMPLEMENTATIONS = YES;
				CLANG_WARN_DIRECT_OBJC_ISA_USAGE = YES_ERROR;
				CLANG_WARN_DOCUMENTATION_COMMENTS = YES;
				CLANG_WARN_EMPTY_BODY = YES;
				CLANG_WARN_ENUM_CONVERSION = YES;
				CLANG_WARN_INFINITE_RECURSION = YES;
				CLANG_WARN_INT_CONVERSION = YES;
				CLANG_WARN_NON_LITERAL_NULL_CONVERSION = YES;
				CLANG_WARN_OBJC_IMPLICIT_RETAIN_SELF = YES;
				CLANG_WARN_OBJC_LITERAL_CONVERSION = YES;
				CLANG_WARN_OBJC_ROOT_CLASS = YES_ERROR;
				CLANG_WARN_QUOTED_INCLUDE_IN_FRAMEWORK_HEADER = YES;
				CLANG_WARN_RANGE_LOOP_ANALYSIS = YES;
				CLANG_WARN_STRICT_PROTOTYPES = YES;
				CLANG_WARN_SUSPICIOUS_MOVE = YES;
				CLANG_WARN_UNGUARDED_AVAILABILITY = YES_AGGRESSIVE;
				CLANG_WARN_UNREACHABLE_CODE = YES;
				CLANG_WARN__DUPLICATE_METHOD_MATCH = YES;
				COPY_PHASE_STRIP = NO;
				DEBUG_INFORMATION_FORMAT = dwarf;
				ENABLE_STRICT_OBJC_MSGSEND = YES;
				ENABLE_TESTABILITY = YES;
				GCC_C_LANGUAGE_STANDARD = gnu11;
				GCC_DYNAMIC_NO_PIC = NO;
				GCC_NO_COMMON_BLOCKS = YES;
				GCC_OPTIMIZATION_LEVEL = 0;
				GCC_PREPROCESSOR_DEFINITIONS = (
					"DEBUG=1",
					"$(inherited)",
				);
				GCC_WARN_64_TO_32_BIT_CONVERSION = YES;
				GCC_WARN_ABOUT_RETURN_TYPE = YES_ERROR;
				GCC_WARN_UNDECLARED_SELECTOR = YES;
				GCC_WARN_UNINITIALIZED_AUTOS = YES_AGGRESSIVE;
				GCC_WARN_UNUSED_FUNCTION = YES;
				GCC_WARN_UNUSED_VARIABLE = YES;
				IPHONEOS_DEPLOYMENT_TARGET = 16.0;
				MTL_ENABLE_DEBUG_INFO = INCLUDE_SOURCE;
				MTL_FAST_MATH = YES;
				ONLY_ACTIVE_ARCH = YES;
				SDKROOT = iphoneos;
				SWIFT_ACTIVE_COMPILATION_CONDITIONS = DEBUG;
				SWIFT_OPTIMIZATION_LEVEL = "-Onone";
			};
			name = Debug;
		};
		86930C2928F342B8003816C1 /* Release */ = {
			isa = XCBuildConfiguration;
			buildSettings = {
				ALWAYS_SEARCH_USER_PATHS = NO;
				CLANG_ANALYZER_NONNULL = YES;
				CLANG_ANALYZER_NUMBER_OBJECT_CONVERSION = YES_AGGRESSIVE;
				CLANG_CXX_LANGUAGE_STANDARD = "gnu++20";
				CLANG_ENABLE_MODULES = YES;
				CLANG_ENABLE_OBJC_ARC = YES;
				CLANG_ENABLE_OBJC_WEAK = YES;
				CLANG_WARN_BLOCK_CAPTURE_AUTORELEASING = YES;
				CLANG_WARN_BOOL_CONVERSION = YES;
				CLANG_WARN_COMMA = YES;
				CLANG_WARN_CONSTANT_CONVERSION = YES;
				CLANG_WARN_DEPRECATED_OBJC_IMPLEMENTATIONS = YES;
				CLANG_WARN_DIRECT_OBJC_ISA_USAGE = YES_ERROR;
				CLANG_WARN_DOCUMENTATION_COMMENTS = YES;
				CLANG_WARN_EMPTY_BODY = YES;
				CLANG_WARN_ENUM_CONVERSION = YES;
				CLANG_WARN_INFINITE_RECURSION = YES;
				CLANG_WARN_INT_CONVERSION = YES;
				CLANG_WARN_NON_LITERAL_NULL_CONVERSION = YES;
				CLANG_WARN_OBJC_IMPLICIT_RETAIN_SELF = YES;
				CLANG_WARN_OBJC_LITERAL_CONVERSION = YES;
				CLANG_WARN_OBJC_ROOT_CLASS = YES_ERROR;
				CLANG_WARN_QUOTED_INCLUDE_IN_FRAMEWORK_HEADER = YES;
				CLANG_WARN_RANGE_LOOP_ANALYSIS = YES;
				CLANG_WARN_STRICT_PROTOTYPES = YES;
				CLANG_WARN_SUSPICIOUS_MOVE = YES;
				CLANG_WARN_UNGUARDED_AVAILABILITY = YES_AGGRESSIVE;
				CLANG_WARN_UNREACHABLE_CODE = YES;
				CLANG_WARN__DUPLICATE_METHOD_MATCH = YES;
				COPY_PHASE_STRIP = NO;
				DEBUG_INFORMATION_FORMAT = "dwarf-with-dsym";
				ENABLE_NS_ASSERTIONS = NO;
				ENABLE_STRICT_OBJC_MSGSEND = YES;
				GCC_C_LANGUAGE_STANDARD = gnu11;
				GCC_NO_COMMON_BLOCKS = YES;
				GCC_WARN_64_TO_32_BIT_CONVERSION = YES;
				GCC_WARN_ABOUT_RETURN_TYPE = YES_ERROR;
				GCC_WARN_UNDECLARED_SELECTOR = YES;
				GCC_WARN_UNINITIALIZED_AUTOS = YES_AGGRESSIVE;
				GCC_WARN_UNUSED_FUNCTION = YES;
				GCC_WARN_UNUSED_VARIABLE = YES;
				IPHONEOS_DEPLOYMENT_TARGET = 16.0;
				MTL_ENABLE_DEBUG_INFO = NO;
				MTL_FAST_MATH = YES;
				SDKROOT = iphoneos;
				SWIFT_COMPILATION_MODE = wholemodule;
				SWIFT_OPTIMIZATION_LEVEL = "-O";
				VALIDATE_PRODUCT = YES;
			};
			name = Release;
		};
		86930C2B28F342B8003816C1 /* Debug */ = {
			isa = XCBuildConfiguration;
			buildSettings = {
				ASSETCATALOG_COMPILER_APPICON_NAME = AppIcon;
				ASSETCATALOG_COMPILER_GLOBAL_ACCENT_COLOR_NAME = AccentColor;
				CODE_SIGN_STYLE = Automatic;
				CURRENT_PROJECT_VERSION = 1;
				DEVELOPMENT_TEAM = 93CY94Z655;
				GENERATE_INFOPLIST_FILE = YES;
				INFOPLIST_FILE = Hotfix/Info.plist;
				INFOPLIST_KEY_UIApplicationSupportsIndirectInputEvents = YES;
				INFOPLIST_KEY_UILaunchStoryboardName = LaunchScreen;
				INFOPLIST_KEY_UIMainStoryboardFile = Main;
				INFOPLIST_KEY_UISupportedInterfaceOrientations_iPad = "UIInterfaceOrientationPortrait UIInterfaceOrientationPortraitUpsideDown UIInterfaceOrientationLandscapeLeft UIInterfaceOrientationLandscapeRight";
				INFOPLIST_KEY_UISupportedInterfaceOrientations_iPhone = "UIInterfaceOrientationPortrait UIInterfaceOrientationLandscapeLeft UIInterfaceOrientationLandscapeRight";
				LD_RUNPATH_SEARCH_PATHS = (
					"$(inherited)",
					"@executable_path/Frameworks",
				);
				MARKETING_VERSION = 1.0;
				PRODUCT_BUNDLE_IDENTIFIER = by.hotfix;
				PRODUCT_NAME = "$(TARGET_NAME)";
				SWIFT_EMIT_LOC_STRINGS = YES;
				SWIFT_VERSION = 5.0;
				TARGETED_DEVICE_FAMILY = "1,2";
			};
			name = Debug;
		};
		86930C2C28F342B8003816C1 /* Release */ = {
			isa = XCBuildConfiguration;
			buildSettings = {
				ASSETCATALOG_COMPILER_APPICON_NAME = AppIcon;
				ASSETCATALOG_COMPILER_GLOBAL_ACCENT_COLOR_NAME = AccentColor;
				CODE_SIGN_STYLE = Automatic;
				CURRENT_PROJECT_VERSION = 1;
				DEVELOPMENT_TEAM = 93CY94Z655;
				GENERATE_INFOPLIST_FILE = YES;
				INFOPLIST_FILE = Hotfix/Info.plist;
				INFOPLIST_KEY_UIApplicationSupportsIndirectInputEvents = YES;
				INFOPLIST_KEY_UILaunchStoryboardName = LaunchScreen;
				INFOPLIST_KEY_UIMainStoryboardFile = Main;
				INFOPLIST_KEY_UISupportedInterfaceOrientations_iPad = "UIInterfaceOrientationPortrait UIInterfaceOrientationPortraitUpsideDown UIInterfaceOrientationLandscapeLeft UIInterfaceOrientationLandscapeRight";
				INFOPLIST_KEY_UISupportedInterfaceOrientations_iPhone = "UIInterfaceOrientationPortrait UIInterfaceOrientationLandscapeLeft UIInterfaceOrientationLandscapeRight";
				LD_RUNPATH_SEARCH_PATHS = (
					"$(inherited)",
					"@executable_path/Frameworks",
				);
				MARKETING_VERSION = 1.0;
				PRODUCT_BUNDLE_IDENTIFIER = by.hotfix;
				PRODUCT_NAME = "$(TARGET_NAME)";
				SWIFT_EMIT_LOC_STRINGS = YES;
				SWIFT_VERSION = 5.0;
				TARGETED_DEVICE_FAMILY = "1,2";
			};
			name = Release;
		};
/* End XCBuildConfiguration section */

/* Begin XCConfigurationList section */
		86930C1128F342B8003816C1 /* Build configuration list for PBXProject "Hotfix" */ = {
			isa = XCConfigurationList;
			buildConfigurations = (
				86930C2828F342B8003816C1 /* Debug */,
				86930C2928F342B8003816C1 /* Release */,
			);
			defaultConfigurationIsVisible = 0;
			defaultConfigurationName = Release;
		};
		86930C2A28F342B8003816C1 /* Build configuration list for PBXNativeTarget "Hotfix" */ = {
			isa = XCConfigurationList;
			buildConfigurations = (
				86930C2B28F342B8003816C1 /* Debug */,
				86930C2C28F342B8003816C1 /* Release */,
			);
			defaultConfigurationIsVisible = 0;
			defaultConfigurationName = Release;
		};
/* End XCConfigurationList section */

/* Begin XCRemoteSwiftPackageReference section */
		86174A6328F35C3900D74F95 /* XCRemoteSwiftPackageReference "firebase-ios-sdk" */ = {
			isa = XCRemoteSwiftPackageReference;
			repositoryURL = "https://github.com/firebase/firebase-ios-sdk";
			requirement = {
				kind = upToNextMajorVersion;
				minimumVersion = 10.1.0;
			};
		};
/* End XCRemoteSwiftPackageReference section */

/* Begin XCSwiftPackageProductDependency section */
		86174A6428F35C3900D74F95 /* FirebaseAnalytics */ = {
			isa = XCSwiftPackageProductDependency;
			package = 86174A6328F35C3900D74F95 /* XCRemoteSwiftPackageReference "firebase-ios-sdk" */;
			productName = FirebaseAnalytics;
		};
		86174A6628F35C3900D74F95 /* FirebaseAuth */ = {
			isa = XCSwiftPackageProductDependency;
			package = 86174A6328F35C3900D74F95 /* XCRemoteSwiftPackageReference "firebase-ios-sdk" */;
			productName = FirebaseAuth;
		};
		86174A6828F35C3900D74F95 /* FirebaseCrashlytics */ = {
			isa = XCSwiftPackageProductDependency;
			package = 86174A6328F35C3900D74F95 /* XCRemoteSwiftPackageReference "firebase-ios-sdk" */;
			productName = FirebaseCrashlytics;
		};
		86174A6A28F35C3900D74F95 /* FirebaseDatabase */ = {
			isa = XCSwiftPackageProductDependency;
			package = 86174A6328F35C3900D74F95 /* XCRemoteSwiftPackageReference "firebase-ios-sdk" */;
			productName = FirebaseDatabase;
		};
/* End XCSwiftPackageProductDependency section */
	};
	rootObject = 86930C0E28F342B8003816C1 /* Project object */;
}
